// !$*UTF8*$!
{
	archiveVersion = 1;
	classes = {
	};
	objectVersion = 50;
	objects = {

/* Begin PBXBuildFile section */
		6C34C1B125E96E5A00D6763D /* RecipeTblViewCell.swift in Sources */ = {isa = PBXBuildFile; fileRef = 6C34C1B025E96E5A00D6763D /* RecipeTblViewCell.swift */; };
		6C34C1BB25E9ED2500D6763D /* recipesListVC.swift in Sources */ = {isa = PBXBuildFile; fileRef = 6C34C1BA25E9ED2500D6763D /* recipesListVC.swift */; };
		6C34C1BF25E9EF4000D6763D /* recipeListCell.swift in Sources */ = {isa = PBXBuildFile; fileRef = 6C34C1BE25E9EF4000D6763D /* recipeListCell.swift */; };
		6C9E516225E9060C007257D2 /* AppDelegate.swift in Sources */ = {isa = PBXBuildFile; fileRef = 6C9E516125E9060C007257D2 /* AppDelegate.swift */; };
		6C9E516425E9060C007257D2 /* SceneDelegate.swift in Sources */ = {isa = PBXBuildFile; fileRef = 6C9E516325E9060C007257D2 /* SceneDelegate.swift */; };
		6C9E516625E9060C007257D2 /* ViewController.swift in Sources */ = {isa = PBXBuildFile; fileRef = 6C9E516525E9060C007257D2 /* ViewController.swift */; };
		6C9E516925E9060C007257D2 /* Main.storyboard in Resources */ = {isa = PBXBuildFile; fileRef = 6C9E516725E9060C007257D2 /* Main.storyboard */; };
		6C9E516B25E9060E007257D2 /* Assets.xcassets in Resources */ = {isa = PBXBuildFile; fileRef = 6C9E516A25E9060E007257D2 /* Assets.xcassets */; };
		6C9E516E25E9060E007257D2 /* LaunchScreen.storyboard in Resources */ = {isa = PBXBuildFile; fileRef = 6C9E516C25E9060E007257D2 /* LaunchScreen.storyboard */; };
		6C9E518025E9316F007257D2 /* recipeDetailsVC.swift in Sources */ = {isa = PBXBuildFile; fileRef = 6C9E517F25E9316F007257D2 /* recipeDetailsVC.swift */; };
/* End PBXBuildFile section */

/* Begin PBXFileReference section */
		6C34C1B025E96E5A00D6763D /* RecipeTblViewCell.swift */ = {isa = PBXFileReference; lastKnownFileType = sourcecode.swift; path = RecipeTblViewCell.swift; sourceTree = "<group>"; };
		6C34C1BA25E9ED2500D6763D /* recipesListVC.swift */ = {isa = PBXFileReference; lastKnownFileType = sourcecode.swift; path = recipesListVC.swift; sourceTree = "<group>"; };
		6C34C1BE25E9EF4000D6763D /* recipeListCell.swift */ = {isa = PBXFileReference; lastKnownFileType = sourcecode.swift; path = recipeListCell.swift; sourceTree = "<group>"; };
		6C9E515E25E9060C007257D2 /* cookBookApp.app */ = {isa = PBXFileReference; explicitFileType = wrapper.application; includeInIndex = 0; path = cookBookApp.app; sourceTree = BUILT_PRODUCTS_DIR; };
		6C9E516125E9060C007257D2 /* AppDelegate.swift */ = {isa = PBXFileReference; lastKnownFileType = sourcecode.swift; path = AppDelegate.swift; sourceTree = "<group>"; };
		6C9E516325E9060C007257D2 /* SceneDelegate.swift */ = {isa = PBXFileReference; lastKnownFileType = sourcecode.swift; path = SceneDelegate.swift; sourceTree = "<group>"; };
		6C9E516525E9060C007257D2 /* ViewController.swift */ = {isa = PBXFileReference; lastKnownFileType = sourcecode.swift; path = ViewController.swift; sourceTree = "<group>"; };
		6C9E516825E9060C007257D2 /* Base */ = {isa = PBXFileReference; lastKnownFileType = file.storyboard; name = Base; path = Base.lproj/Main.storyboard; sourceTree = "<group>"; };
		6C9E516A25E9060E007257D2 /* Assets.xcassets */ = {isa = PBXFileReference; lastKnownFileType = folder.assetcatalog; path = Assets.xcassets; sourceTree = "<group>"; };
		6C9E516D25E9060E007257D2 /* Base */ = {isa = PBXFileReference; lastKnownFileType = file.storyboard; name = Base; path = Base.lproj/LaunchScreen.storyboard; sourceTree = "<group>"; };
		6C9E516F25E9060E007257D2 /* Info.plist */ = {isa = PBXFileReference; lastKnownFileType = text.plist.xml; path = Info.plist; sourceTree = "<group>"; };
		6C9E517F25E9316F007257D2 /* recipeDetailsVC.swift */ = {isa = PBXFileReference; lastKnownFileType = sourcecode.swift; path = recipeDetailsVC.swift; sourceTree = "<group>"; };
/* End PBXFileReference section */

/* Begin PBXFrameworksBuildPhase section */
		6C9E515B25E9060C007257D2 /* Frameworks */ = {
			isa = PBXFrameworksBuildPhase;
			buildActionMask = 2147483647;
			files = (
			);
			runOnlyForDeploymentPostprocessing = 0;
		};
/* End PBXFrameworksBuildPhase section */

/* Begin PBXGroup section */
		6C34C1C825ECAECF00D6763D /* view controller */ = {
			isa = PBXGroup;
			children = (
				6C9E516525E9060C007257D2 /* ViewController.swift */,
				6C34C1BA25E9ED2500D6763D /* recipesListVC.swift */,
				6C9E517F25E9316F007257D2 /* recipeDetailsVC.swift */,
			);
			path = "view controller";
			sourceTree = "<group>";
		};
		6C34C1C925ECAEE900D6763D /* storyboard */ = {
			isa = PBXGroup;
			children = (
				6C9E516725E9060C007257D2 /* Main.storyboard */,
			);
			path = storyboard;
			sourceTree = "<group>";
		};
		6C34C1CA25ECAF1000D6763D /* cell */ = {
			isa = PBXGroup;
			children = (
				6C34C1B025E96E5A00D6763D /* RecipeTblViewCell.swift */,
				6C34C1BE25E9EF4000D6763D /* recipeListCell.swift */,
			);
			path = cell;
			sourceTree = "<group>";
		};
		6C9E515525E9060B007257D2 = {
			isa = PBXGroup;
			children = (
				6C9E516025E9060C007257D2 /* cookBookApp */,
				6C9E515F25E9060C007257D2 /* Products */,
			);
			sourceTree = "<group>";
		};
		6C9E515F25E9060C007257D2 /* Products */ = {
			isa = PBXGroup;
			children = (
				6C9E515E25E9060C007257D2 /* cookBookApp.app */,
			);
			name = Products;
			sourceTree = "<group>";
		};
		6C9E516025E9060C007257D2 /* cookBookApp */ = {
			isa = PBXGroup;
			children = (
				6C34C1C825ECAECF00D6763D /* view controller */,
				6C34C1CA25ECAF1000D6763D /* cell */,
				6C34C1C925ECAEE900D6763D /* storyboard */,
				6C9E516125E9060C007257D2 /* AppDelegate.swift */,
				6C9E516325E9060C007257D2 /* SceneDelegate.swift */,
				6C9E516C25E9060E007257D2 /* LaunchScreen.storyboard */,
				6C9E516F25E9060E007257D2 /* Info.plist */,
				6C9E516A25E9060E007257D2 /* Assets.xcassets */,
			);
			path = cookBookApp;
			sourceTree = "<group>";
		};
/* End PBXGroup section */

/* Begin PBXNativeTarget section */
		6C9E515D25E9060C007257D2 /* cookBookApp */ = {
			isa = PBXNativeTarget;
			buildConfigurationList = 6C9E517225E9060E007257D2 /* Build configuration list for PBXNativeTarget "cookBookApp" */;
			buildPhases = (
				6C9E515A25E9060C007257D2 /* Sources */,
				6C9E515B25E9060C007257D2 /* Frameworks */,
				6C9E515C25E9060C007257D2 /* Resources */,
			);
			buildRules = (
			);
			dependencies = (
			);
			name = cookBookApp;
			productName = cookBookApp;
			productReference = 6C9E515E25E9060C007257D2 /* cookBookApp.app */;
			productType = "com.apple.product-type.application";
		};
/* End PBXNativeTarget section */

/* Begin PBXProject section */
		6C9E515625E9060B007257D2 /* Project object */ = {
			isa = PBXProject;
			attributes = {
				LastSwiftUpdateCheck = 1160;
				LastUpgradeCheck = 1160;
				ORGANIZATIONNAME = "sachin toskar";
				TargetAttributes = {
					6C9E515D25E9060C007257D2 = {
						CreatedOnToolsVersion = 11.6;
					};
				};
			};
			buildConfigurationList = 6C9E515925E9060B007257D2 /* Build configuration list for PBXProject "cookBookApp" */;
			compatibilityVersion = "Xcode 9.3";
			developmentRegion = en;
			hasScannedForEncodings = 0;
			knownRegions = (
				en,
				Base,
			);
			mainGroup = 6C9E515525E9060B007257D2;
			productRefGroup = 6C9E515F25E9060C007257D2 /* Products */;
			projectDirPath = "";
			projectRoot = "";
			targets = (
				6C9E515D25E9060C007257D2 /* cookBookApp */,
			);
		};
/* End PBXProject section */

/* Begin PBXResourcesBuildPhase section */
		6C9E515C25E9060C007257D2 /* Resources */ = {
			isa = PBXResourcesBuildPhase;
			buildActionMask = 2147483647;
			files = (
				6C9E516E25E9060E007257D2 /* LaunchScreen.storyboard in Resources */,
				6C9E516B25E9060E007257D2 /* Assets.xcassets in Resources */,
				6C9E516925E9060C007257D2 /* Main.storyboard in Resources */,
			);
			runOnlyForDeploymentPostprocessing = 0;
		};
/* End PBXResourcesBuildPhase section */

/* Begin PBXSourcesBuildPhase section */
		6C9E515A25E9060C007257D2 /* Sources */ = {
			isa = PBXSourcesBuildPhase;
			buildActionMask = 2147483647;
			files = (
				6C34C1B125E96E5A00D6763D /* RecipeTblViewCell.swift in Sources */,
				6C9E516625E9060C007257D2 /* ViewController.swift in Sources */,
				6C9E518025E9316F007257D2 /* recipeDetailsVC.swift in Sources */,
				6C34C1BB25E9ED2500D6763D /* recipesListVC.swift in Sources */,
				6C9E516225E9060C007257D2 /* AppDelegate.swift in Sources */,
				6C9E516425E9060C007257D2 /* SceneDelegate.swift in Sources */,
				6C34C1BF25E9EF4000D6763D /* recipeListCell.swift in Sources */,
			);
			runOnlyForDeploymentPostprocessing = 0;
		};
/* End PBXSourcesBuildPhase section */

/* Begin PBXVariantGroup section */
		6C9E516725E9060C007257D2 /* Main.storyboard */ = {
			isa = PBXVariantGroup;
			children = (
				6C9E516825E9060C007257D2 /* Base */,
			);
			name = Main.storyboard;
			sourceTree = "<group>";
		};
		6C9E516C25E9060E007257D2 /* LaunchScreen.storyboard */ = {
			isa = PBXVariantGroup;
			children = (
				6C9E516D25E9060E007257D2 /* Base */,
			);
			name = LaunchScreen.storyboard;
			sourceTree = "<group>";
		};
/* End PBXVariantGroup section */

/* Begin XCBuildConfiguration section */
		6C9E517025E9060E007257D2 /* Debug */ = {
			isa = XCBuildConfiguration;
			buildSettings = {
				ALWAYS_SEARCH_USER_PATHS = NO;
				CLANG_ANALYZER_NONNULL = YES;
				CLANG_ANALYZER_NUMBER_OBJECT_CONVERSION = YES_AGGRESSIVE;
				CLANG_CXX_LANGUAGE_STANDARD = "gnu++14";
				CLANG_CXX_LIBRARY = "libc++";
				CLANG_ENABLE_MODULES = YES;
				CLANG_ENABLE_OBJC_ARC = YES;
				CLANG_ENABLE_OBJC_WEAK = YES;
				CLANG_WARN_BLOCK_CAPTURE_AUTORELEASING = YES;
				CLANG_WARN_BOOL_CONVERSION = YES;
				CLANG_WARN_COMMA = YES;
				CLANG_WARN_CONSTANT_CONVERSION = YES;
				CLANG_WARN_DEPRECATED_OBJC_IMPLEMENTATIONS = YES;
				CLANG_WARN_DIRECT_OBJC_ISA_USAGE = YES_ERROR;
				CLANG_WARN_DOCUMENTATION_COMMENTS = YES;
				CLANG_WARN_EMPTY_BODY = YES;
				CLANG_WARN_ENUM_CONVERSION = YES;
				CLANG_WARN_INFINITE_RECURSION = YES;
				CLANG_WARN_INT_CONVERSION = YES;
				CLANG_WARN_NON_LITERAL_NULL_CONVERSION = YES;
				CLANG_WARN_OBJC_IMPLICIT_RETAIN_SELF = YES;
				CLANG_WARN_OBJC_LITERAL_CONVERSION = YES;
				CLANG_WARN_OBJC_ROOT_CLASS = YES_ERROR;
				CLANG_WARN_RANGE_LOOP_ANALYSIS = YES;
				CLANG_WARN_STRICT_PROTOTYPES = YES;
				CLANG_WARN_SUSPICIOUS_MOVE = YES;
				CLANG_WARN_UNGUARDED_AVAILABILITY = YES_AGGRESSIVE;
				CLANG_WARN_UNREACHABLE_CODE = YES;
				CLANG_WARN__DUPLICATE_METHOD_MATCH = YES;
				COPY_PHASE_STRIP = NO;
				DEBUG_INFORMATION_FORMAT = dwarf;
				ENABLE_STRICT_OBJC_MSGSEND = YES;
				ENABLE_TESTABILITY = YES;
				GCC_C_LANGUAGE_STANDARD = gnu11;
				GCC_DYNAMIC_NO_PIC = NO;
				GCC_NO_COMMON_BLOCKS = YES;
				GCC_OPTIMIZATION_LEVEL = 0;
				GCC_PREPROCESSOR_DEFINITIONS = (
					"DEBUG=1",
					"$(inherited)",
				);
				GCC_WARN_64_TO_32_BIT_CONVERSION = YES;
				GCC_WARN_ABOUT_RETURN_TYPE = YES_ERROR;
				GCC_WARN_UNDECLARED_SELECTOR = YES;
				GCC_WARN_UNINITIALIZED_AUTOS = YES_AGGRESSIVE;
				GCC_WARN_UNUSED_FUNCTION = YES;
				GCC_WARN_UNUSED_VARIABLE = YES;
				IPHONEOS_DEPLOYMENT_TARGET = 13.6;
				MTL_ENABLE_DEBUG_INFO = INCLUDE_SOURCE;
				MTL_FAST_MATH = YES;
				ONLY_ACTIVE_ARCH = YES;
				SDKROOT = iphoneos;
				SWIFT_ACTIVE_COMPILATION_CONDITIONS = DEBUG;
				SWIFT_OPTIMIZATION_LEVEL = "-Onone";
			};
			name = Debug;
		};
		6C9E517125E9060E007257D2 /* Release */ = {
			isa = XCBuildConfiguration;
			buildSettings = {
				ALWAYS_SEARCH_USER_PATHS = NO;
				CLANG_ANALYZER_NONNULL = YES;
				CLANG_ANALYZER_NUMBER_OBJECT_CONVERSION = YES_AGGRESSIVE;
				CLANG_CXX_LANGUAGE_STANDARD = "gnu++14";
				CLANG_CXX_LIBRARY = "libc++";
				CLANG_ENABLE_MODULES = YES;
				CLANG_ENABLE_OBJC_ARC = YES;
				CLANG_ENABLE_OBJC_WEAK = YES;
				CLANG_WARN_BLOCK_CAPTURE_AUTORELEASING = YES;
				CLANG_WARN_BOOL_CONVERSION = YES;
				CLANG_WARN_COMMA = YES;
				CLANG_WARN_CONSTANT_CONVERSION = YES;
				CLANG_WARN_DEPRECATED_OBJC_IMPLEMENTATIONS = YES;
				CLANG_WARN_DIRECT_OBJC_ISA_USAGE = YES_ERROR;
				CLANG_WARN_DOCUMENTATION_COMMENTS = YES;
				CLANG_WARN_EMPTY_BODY = YES;
				CLANG_WARN_ENUM_CONVERSION = YES;
				CLANG_WARN_INFINITE_RECURSION = YES;
				CLANG_WARN_INT_CONVERSION = YES;
				CLANG_WARN_NON_LITERAL_NULL_CONVERSION = YES;
				CLANG_WARN_OBJC_IMPLICIT_RETAIN_SELF = YES;
				CLANG_WARN_OBJC_LITERAL_CONVERSION = YES;
				CLANG_WARN_OBJC_ROOT_CLASS = YES_ERROR;
				CLANG_WARN_RANGE_LOOP_ANALYSIS = YES;
				CLANG_WARN_STRICT_PROTOTYPES = YES;
				CLANG_WARN_SUSPICIOUS_MOVE = YES;
				CLANG_WARN_UNGUARDED_AVAILABILITY = YES_AGGRESSIVE;
				CLANG_WARN_UNREACHABLE_CODE = YES;
				CLANG_WARN__DUPLICATE_METHOD_MATCH = YES;
				COPY_PHASE_STRIP = NO;
				DEBUG_INFORMATION_FORMAT = "dwarf-with-dsym";
				ENABLE_NS_ASSERTIONS = NO;
				ENABLE_STRICT_OBJC_MSGSEND = YES;
				GCC_C_LANGUAGE_STANDARD = gnu11;
				GCC_NO_COMMON_BLOCKS = YES;
				GCC_WARN_64_TO_32_BIT_CONVERSION = YES;
				GCC_WARN_ABOUT_RETURN_TYPE = YES_ERROR;
				GCC_WARN_UNDECLARED_SELECTOR = YES;
				GCC_WARN_UNINITIALIZED_AUTOS = YES_AGGRESSIVE;
				GCC_WARN_UNUSED_FUNCTION = YES;
				GCC_WARN_UNUSED_VARIABLE = YES;
				IPHONEOS_DEPLOYMENT_TARGET = 13.6;
				MTL_ENABLE_DEBUG_INFO = NO;
				MTL_FAST_MATH = YES;
				SDKROOT = iphoneos;
				SWIFT_COMPILATION_MODE = wholemodule;
				SWIFT_OPTIMIZATION_LEVEL = "-O";
				VALIDATE_PRODUCT = YES;
			};
			name = Release;
		};
		6C9E517325E9060E007257D2 /* Debug */ = {
			isa = XCBuildConfiguration;
			buildSettings = {
				ASSETCATALOG_COMPILER_APPICON_NAME = AppIcon;
				CODE_SIGN_STYLE = Automatic;
				DEVELOPMENT_TEAM = C5D3RDD68X;
				INFOPLIST_FILE = cookBookApp/Info.plist;
				LD_RUNPATH_SEARCH_PATHS = (
					"$(inherited)",
					"@executable_path/Frameworks",
				);
				PRODUCT_BUNDLE_IDENTIFIER = com.neebal.cookBookApp;
				PRODUCT_NAME = "$(TARGET_NAME)";
				SWIFT_VERSION = 5.0;
				TARGETED_DEVICE_FAMILY = "1,2";
			};
			name = Debug;
		};
		6C9E517425E9060E007257D2 /* Release */ = {
			isa = XCBuildConfiguration;
			buildSettings = {
				ASSETCATALOG_COMPILER_APPICON_NAME = AppIcon;
				CODE_SIGN_STYLE = Automatic;
				DEVELOPMENT_TEAM = C5D3RDD68X;
				INFOPLIST_FILE = cookBookApp/Info.plist;
				LD_RUNPATH_SEARCH_PATHS = (
					"$(inherited)",
					"@executable_path/Frameworks",
				);
				PRODUCT_BUNDLE_IDENTIFIER = com.neebal.cookBookApp;
				PRODUCT_NAME = "$(TARGET_NAME)";
				SWIFT_VERSION = 5.0;
				TARGETED_DEVICE_FAMILY = "1,2";
			};
			name = Release;
		};
/* End XCBuildConfiguration section */

/* Begin XCConfigurationList section */
		6C9E515925E9060B007257D2 /* Build configuration list for PBXProject "cookBookApp" */ = {
			isa = XCConfigurationList;
			buildConfigurations = (
				6C9E517025E9060E007257D2 /* Debug */,
				6C9E517125E9060E007257D2 /* Release */,
			);
			defaultConfigurationIsVisible = 0;
			defaultConfigurationName = Release;
		};
		6C9E517225E9060E007257D2 /* Build configuration list for PBXNativeTarget "cookBookApp" */ = {
			isa = XCConfigurationList;
			buildConfigurations = (
				6C9E517325E9060E007257D2 /* Debug */,
				6C9E517425E9060E007257D2 /* Release */,
			);
			defaultConfigurationIsVisible = 0;
			defaultConfigurationName = Release;
		};
/* End XCConfigurationList section */
	};
	rootObject = 6C9E515625E9060B007257D2 /* Project object */;
}
